// !$*UTF8*$!
{
	archiveVersion = 1;
	classes = {
	};
	objectVersion = 56;
	objects = {

/* Begin PBXBuildFile section */
		B5DE2FD02B12067A00BF8137 /* AppDelegate.swift in Sources */ = {isa = PBXBuildFile; fileRef = B5DE2FCF2B12067A00BF8137 /* AppDelegate.swift */; };
		B5DE2FD22B12067A00BF8137 /* SceneDelegate.swift in Sources */ = {isa = PBXBuildFile; fileRef = B5DE2FD12B12067A00BF8137 /* SceneDelegate.swift */; };
		B5DE2FD42B12067A00BF8137 /* VenuesViewController.swift in Sources */ = {isa = PBXBuildFile; fileRef = B5DE2FD32B12067A00BF8137 /* VenuesViewController.swift */; };
		B5DE2FD72B12067A00BF8137 /* Main.storyboard in Resources */ = {isa = PBXBuildFile; fileRef = B5DE2FD52B12067A00BF8137 /* Main.storyboard */; };
		B5DE2FD92B12067C00BF8137 /* Assets.xcassets in Resources */ = {isa = PBXBuildFile; fileRef = B5DE2FD82B12067C00BF8137 /* Assets.xcassets */; };
		B5DE2FDC2B12067C00BF8137 /* LaunchScreen.storyboard in Resources */ = {isa = PBXBuildFile; fileRef = B5DE2FDA2B12067C00BF8137 /* LaunchScreen.storyboard */; };
		B5DE2FE42B1206A100BF8137 /* VenueModel.swift in Sources */ = {isa = PBXBuildFile; fileRef = B5DE2FE32B1206A100BF8137 /* VenueModel.swift */; };
		B5DE2FE62B12091400BF8137 /* VenueTableViewCell.xib in Resources */ = {isa = PBXBuildFile; fileRef = B5DE2FE52B12091400BF8137 /* VenueTableViewCell.xib */; };
		B5DE2FE82B12094900BF8137 /* VenueTableViewCell.swift in Sources */ = {isa = PBXBuildFile; fileRef = B5DE2FE72B12094900BF8137 /* VenueTableViewCell.swift */; };
		B5DE2FEA2B120C2600BF8137 /* VenuesViewModel.swift in Sources */ = {isa = PBXBuildFile; fileRef = B5DE2FE92B120C2600BF8137 /* VenuesViewModel.swift */; };
		B5DE2FEC2B122B7A00BF8137 /* LocationManager.swift in Sources */ = {isa = PBXBuildFile; fileRef = B5DE2FEB2B122B7A00BF8137 /* LocationManager.swift */; };
/* End PBXBuildFile section */

/* Begin PBXFileReference section */
		B5DE2FCC2B12067A00BF8137 /* PhonePeProject.app */ = {isa = PBXFileReference; explicitFileType = wrapper.application; includeInIndex = 0; path = PhonePeProject.app; sourceTree = BUILT_PRODUCTS_DIR; };
		B5DE2FCF2B12067A00BF8137 /* AppDelegate.swift */ = {isa = PBXFileReference; lastKnownFileType = sourcecode.swift; path = AppDelegate.swift; sourceTree = "<group>"; };
		B5DE2FD12B12067A00BF8137 /* SceneDelegate.swift */ = {isa = PBXFileReference; lastKnownFileType = sourcecode.swift; path = SceneDelegate.swift; sourceTree = "<group>"; };
		B5DE2FD32B12067A00BF8137 /* VenuesViewController.swift */ = {isa = PBXFileReference; lastKnownFileType = sourcecode.swift; path = VenuesViewController.swift; sourceTree = "<group>"; };
		B5DE2FD62B12067A00BF8137 /* Base */ = {isa = PBXFileReference; lastKnownFileType = file.storyboard; name = Base; path = Base.lproj/Main.storyboard; sourceTree = "<group>"; };
		B5DE2FD82B12067C00BF8137 /* Assets.xcassets */ = {isa = PBXFileReference; lastKnownFileType = folder.assetcatalog; path = Assets.xcassets; sourceTree = "<group>"; };
		B5DE2FDB2B12067C00BF8137 /* Base */ = {isa = PBXFileReference; lastKnownFileType = file.storyboard; name = Base; path = Base.lproj/LaunchScreen.storyboard; sourceTree = "<group>"; };
		B5DE2FDD2B12067C00BF8137 /* Info.plist */ = {isa = PBXFileReference; lastKnownFileType = text.plist.xml; path = Info.plist; sourceTree = "<group>"; };
		B5DE2FE32B1206A100BF8137 /* VenueModel.swift */ = {isa = PBXFileReference; lastKnownFileType = sourcecode.swift; path = VenueModel.swift; sourceTree = "<group>"; };
		B5DE2FE52B12091400BF8137 /* VenueTableViewCell.xib */ = {isa = PBXFileReference; lastKnownFileType = file.xib; path = VenueTableViewCell.xib; sourceTree = "<group>"; };
		B5DE2FE72B12094900BF8137 /* VenueTableViewCell.swift */ = {isa = PBXFileReference; lastKnownFileType = sourcecode.swift; path = VenueTableViewCell.swift; sourceTree = "<group>"; };
		B5DE2FE92B120C2600BF8137 /* VenuesViewModel.swift */ = {isa = PBXFileReference; lastKnownFileType = sourcecode.swift; path = VenuesViewModel.swift; sourceTree = "<group>"; };
		B5DE2FEB2B122B7A00BF8137 /* LocationManager.swift */ = {isa = PBXFileReference; lastKnownFileType = sourcecode.swift; path = LocationManager.swift; sourceTree = "<group>"; };
/* End PBXFileReference section */

/* Begin PBXFrameworksBuildPhase section */
		B5DE2FC92B12067A00BF8137 /* Frameworks */ = {
			isa = PBXFrameworksBuildPhase;
			buildActionMask = 2147483647;
			files = (
			);
			runOnlyForDeploymentPostprocessing = 0;
		};
/* End PBXFrameworksBuildPhase section */

/* Begin PBXGroup section */
		B5DE2FC32B12067A00BF8137 = {
			isa = PBXGroup;
			children = (
				B5DE2FCE2B12067A00BF8137 /* PhonePeProject */,
				B5DE2FCD2B12067A00BF8137 /* Products */,
			);
			sourceTree = "<group>";
		};
		B5DE2FCD2B12067A00BF8137 /* Products */ = {
			isa = PBXGroup;
			children = (
				B5DE2FCC2B12067A00BF8137 /* PhonePeProject.app */,
			);
			name = Products;
			sourceTree = "<group>";
		};
		B5DE2FCE2B12067A00BF8137 /* PhonePeProject */ = {
			isa = PBXGroup;
			children = (
				B5DE2FCF2B12067A00BF8137 /* AppDelegate.swift */,
				B5DE2FD12B12067A00BF8137 /* SceneDelegate.swift */,
				B5DE2FD32B12067A00BF8137 /* VenuesViewController.swift */,
				B5DE2FE92B120C2600BF8137 /* VenuesViewModel.swift */,
				B5DE2FD52B12067A00BF8137 /* Main.storyboard */,
				B5DE2FD82B12067C00BF8137 /* Assets.xcassets */,
				B5DE2FDA2B12067C00BF8137 /* LaunchScreen.storyboard */,
				B5DE2FDD2B12067C00BF8137 /* Info.plist */,
				B5DE2FE32B1206A100BF8137 /* VenueModel.swift */,
				B5DE2FE52B12091400BF8137 /* VenueTableViewCell.xib */,
				B5DE2FE72B12094900BF8137 /* VenueTableViewCell.swift */,
				B5DE2FEB2B122B7A00BF8137 /* LocationManager.swift */,
			);
			path = PhonePeProject;
			sourceTree = "<group>";
		};
/* End PBXGroup section */

/* Begin PBXNativeTarget section */
		B5DE2FCB2B12067A00BF8137 /* PhonePeProject */ = {
			isa = PBXNativeTarget;
			buildConfigurationList = B5DE2FE02B12067C00BF8137 /* Build configuration list for PBXNativeTarget "PhonePeProject" */;
			buildPhases = (
				B5DE2FC82B12067A00BF8137 /* Sources */,
				B5DE2FC92B12067A00BF8137 /* Frameworks */,
				B5DE2FCA2B12067A00BF8137 /* Resources */,
			);
			buildRules = (
			);
			dependencies = (
			);
			name = PhonePeProject;
			productName = PhonePeProject;
			productReference = B5DE2FCC2B12067A00BF8137 /* PhonePeProject.app */;
			productType = "com.apple.product-type.application";
		};
/* End PBXNativeTarget section */

/* Begin PBXProject section */
		B5DE2FC42B12067A00BF8137 /* Project object */ = {
			isa = PBXProject;
			attributes = {
				BuildIndependentTargetsInParallel = 1;
				LastSwiftUpdateCheck = 1430;
				LastUpgradeCheck = 1430;
				TargetAttributes = {
					B5DE2FCB2B12067A00BF8137 = {
						CreatedOnToolsVersion = 14.3.1;
					};
				};
			};
			buildConfigurationList = B5DE2FC72B12067A00BF8137 /* Build configuration list for PBXProject "PhonePeProject" */;
			compatibilityVersion = "Xcode 14.0";
			developmentRegion = en;
			hasScannedForEncodings = 0;
			knownRegions = (
				en,
				Base,
			);
			mainGroup = B5DE2FC32B12067A00BF8137;
			productRefGroup = B5DE2FCD2B12067A00BF8137 /* Products */;
			projectDirPath = "";
			projectRoot = "";
			targets = (
				B5DE2FCB2B12067A00BF8137 /* PhonePeProject */,
			);
		};
/* End PBXProject section */

/* Begin PBXResourcesBuildPhase section */
		B5DE2FCA2B12067A00BF8137 /* Resources */ = {
			isa = PBXResourcesBuildPhase;
			buildActionMask = 2147483647;
			files = (
				B5DE2FDC2B12067C00BF8137 /* LaunchScreen.storyboard in Resources */,
				B5DE2FE62B12091400BF8137 /* VenueTableViewCell.xib in Resources */,
				B5DE2FD92B12067C00BF8137 /* Assets.xcassets in Resources */,
				B5DE2FD72B12067A00BF8137 /* Main.storyboard in Resources */,
			);
			runOnlyForDeploymentPostprocessing = 0;
		};
/* End PBXResourcesBuildPhase section */

/* Begin PBXSourcesBuildPhase section */
		B5DE2FC82B12067A00BF8137 /* Sources */ = {
			isa = PBXSourcesBuildPhase;
			buildActionMask = 2147483647;
			files = (
				B5DE2FD42B12067A00BF8137 /* VenuesViewController.swift in Sources */,
				B5DE2FD02B12067A00BF8137 /* AppDelegate.swift in Sources */,
				B5DE2FD22B12067A00BF8137 /* SceneDelegate.swift in Sources */,
				B5DE2FEC2B122B7A00BF8137 /* LocationManager.swift in Sources */,
				B5DE2FE82B12094900BF8137 /* VenueTableViewCell.swift in Sources */,
				B5DE2FEA2B120C2600BF8137 /* VenuesViewModel.swift in Sources */,
				B5DE2FE42B1206A100BF8137 /* VenueModel.swift in Sources */,
			);
			runOnlyForDeploymentPostprocessing = 0;
		};
/* End PBXSourcesBuildPhase section */

/* Begin PBXVariantGroup section */
		B5DE2FD52B12067A00BF8137 /* Main.storyboard */ = {
			isa = PBXVariantGroup;
			children = (
				B5DE2FD62B12067A00BF8137 /* Base */,
			);
			name = Main.storyboard;
			sourceTree = "<group>";
		};
		B5DE2FDA2B12067C00BF8137 /* LaunchScreen.storyboard */ = {
			isa = PBXVariantGroup;
			children = (
				B5DE2FDB2B12067C00BF8137 /* Base */,
			);
			name = LaunchScreen.storyboard;
			sourceTree = "<group>";
		};
/* End PBXVariantGroup section */

/* Begin XCBuildConfiguration section */
		B5DE2FDE2B12067C00BF8137 /* Debug */ = {
			isa = XCBuildConfiguration;
			buildSettings = {
				ALWAYS_SEARCH_USER_PATHS = NO;
				CLANG_ANALYZER_NONNULL = YES;
				CLANG_ANALYZER_NUMBER_OBJECT_CONVERSION = YES_AGGRESSIVE;
				CLANG_CXX_LANGUAGE_STANDARD = "gnu++20";
				CLANG_ENABLE_MODULES = YES;
				CLANG_ENABLE_OBJC_ARC = YES;
				CLANG_ENABLE_OBJC_WEAK = YES;
				CLANG_WARN_BLOCK_CAPTURE_AUTORELEASING = YES;
				CLANG_WARN_BOOL_CONVERSION = YES;
				CLANG_WARN_COMMA = YES;
				CLANG_WARN_CONSTANT_CONVERSION = YES;
				CLANG_WARN_DEPRECATED_OBJC_IMPLEMENTATIONS = YES;
				CLANG_WARN_DIRECT_OBJC_ISA_USAGE = YES_ERROR;
				CLANG_WARN_DOCUMENTATION_COMMENTS = YES;
				CLANG_WARN_EMPTY_BODY = YES;
				CLANG_WARN_ENUM_CONVERSION = YES;
				CLANG_WARN_INFINITE_RECURSION = YES;
				CLANG_WARN_INT_CONVERSION = YES;
				CLANG_WARN_NON_LITERAL_NULL_CONVERSION = YES;
				CLANG_WARN_OBJC_IMPLICIT_RETAIN_SELF = YES;
				CLANG_WARN_OBJC_LITERAL_CONVERSION = YES;
				CLANG_WARN_OBJC_ROOT_CLASS = YES_ERROR;
				CLANG_WARN_QUOTED_INCLUDE_IN_FRAMEWORK_HEADER = YES;
				CLANG_WARN_RANGE_LOOP_ANALYSIS = YES;
				CLANG_WARN_STRICT_PROTOTYPES = YES;
				CLANG_WARN_SUSPICIOUS_MOVE = YES;
				CLANG_WARN_UNGUARDED_AVAILABILITY = YES_AGGRESSIVE;
				CLANG_WARN_UNREACHABLE_CODE = YES;
				CLANG_WARN__DUPLICATE_METHOD_MATCH = YES;
				COPY_PHASE_STRIP = NO;
				DEBUG_INFORMATION_FORMAT = dwarf;
				ENABLE_STRICT_OBJC_MSGSEND = YES;
				ENABLE_TESTABILITY = YES;
				GCC_C_LANGUAGE_STANDARD = gnu11;
				GCC_DYNAMIC_NO_PIC = NO;
				GCC_NO_COMMON_BLOCKS = YES;
				GCC_OPTIMIZATION_LEVEL = 0;
				GCC_PREPROCESSOR_DEFINITIONS = (
					"DEBUG=1",
					"$(inherited)",
				);
				GCC_WARN_64_TO_32_BIT_CONVERSION = YES;
				GCC_WARN_ABOUT_RETURN_TYPE = YES_ERROR;
				GCC_WARN_UNDECLARED_SELECTOR = YES;
				GCC_WARN_UNINITIALIZED_AUTOS = YES_AGGRESSIVE;
				GCC_WARN_UNUSED_FUNCTION = YES;
				GCC_WARN_UNUSED_VARIABLE = YES;
				IPHONEOS_DEPLOYMENT_TARGET = 16.4;
				MTL_ENABLE_DEBUG_INFO = INCLUDE_SOURCE;
				MTL_FAST_MATH = YES;
				ONLY_ACTIVE_ARCH = YES;
				SDKROOT = iphoneos;
				SWIFT_ACTIVE_COMPILATION_CONDITIONS = DEBUG;
				SWIFT_OPTIMIZATION_LEVEL = "-Onone";
			};
			name = Debug;
		};
		B5DE2FDF2B12067C00BF8137 /* Release */ = {
			isa = XCBuildConfiguration;
			buildSettings = {
				ALWAYS_SEARCH_USER_PATHS = NO;
				CLANG_ANALYZER_NONNULL = YES;
				CLANG_ANALYZER_NUMBER_OBJECT_CONVERSION = YES_AGGRESSIVE;
				CLANG_CXX_LANGUAGE_STANDARD = "gnu++20";
				CLANG_ENABLE_MODULES = YES;
				CLANG_ENABLE_OBJC_ARC = YES;
				CLANG_ENABLE_OBJC_WEAK = YES;
				CLANG_WARN_BLOCK_CAPTURE_AUTORELEASING = YES;
				CLANG_WARN_BOOL_CONVERSION = YES;
				CLANG_WARN_COMMA = YES;
				CLANG_WARN_CONSTANT_CONVERSION = YES;
				CLANG_WARN_DEPRECATED_OBJC_IMPLEMENTATIONS = YES;
				CLANG_WARN_DIRECT_OBJC_ISA_USAGE = YES_ERROR;
				CLANG_WARN_DOCUMENTATION_COMMENTS = YES;
				CLANG_WARN_EMPTY_BODY = YES;
				CLANG_WARN_ENUM_CONVERSION = YES;
				CLANG_WARN_INFINITE_RECURSION = YES;
				CLANG_WARN_INT_CONVERSION = YES;
				CLANG_WARN_NON_LITERAL_NULL_CONVERSION = YES;
				CLANG_WARN_OBJC_IMPLICIT_RETAIN_SELF = YES;
				CLANG_WARN_OBJC_LITERAL_CONVERSION = YES;
				CLANG_WARN_OBJC_ROOT_CLASS = YES_ERROR;
				CLANG_WARN_QUOTED_INCLUDE_IN_FRAMEWORK_HEADER = YES;
				CLANG_WARN_RANGE_LOOP_ANALYSIS = YES;
				CLANG_WARN_STRICT_PROTOTYPES = YES;
				CLANG_WARN_SUSPICIOUS_MOVE = YES;
				CLANG_WARN_UNGUARDED_AVAILABILITY = YES_AGGRESSIVE;
				CLANG_WARN_UNREACHABLE_CODE = YES;
				CLANG_WARN__DUPLICATE_METHOD_MATCH = YES;
				COPY_PHASE_STRIP = NO;
				DEBUG_INFORMATION_FORMAT = "dwarf-with-dsym";
				ENABLE_NS_ASSERTIONS = NO;
				ENABLE_STRICT_OBJC_MSGSEND = YES;
				GCC_C_LANGUAGE_STANDARD = gnu11;
				GCC_NO_COMMON_BLOCKS = YES;
				GCC_WARN_64_TO_32_BIT_CONVERSION = YES;
				GCC_WARN_ABOUT_RETURN_TYPE = YES_ERROR;
				GCC_WARN_UNDECLARED_SELECTOR = YES;
				GCC_WARN_UNINITIALIZED_AUTOS = YES_AGGRESSIVE;
				GCC_WARN_UNUSED_FUNCTION = YES;
				GCC_WARN_UNUSED_VARIABLE = YES;
				IPHONEOS_DEPLOYMENT_TARGET = 16.4;
				MTL_ENABLE_DEBUG_INFO = NO;
				MTL_FAST_MATH = YES;
				SDKROOT = iphoneos;
				SWIFT_COMPILATION_MODE = wholemodule;
				SWIFT_OPTIMIZATION_LEVEL = "-O";
				VALIDATE_PRODUCT = YES;
			};
			name = Release;
		};
		B5DE2FE12B12067C00BF8137 /* Debug */ = {
			isa = XCBuildConfiguration;
			buildSettings = {
				ASSETCATALOG_COMPILER_APPICON_NAME = AppIcon;
				ASSETCATALOG_COMPILER_GLOBAL_ACCENT_COLOR_NAME = AccentColor;
				CODE_SIGN_STYLE = Automatic;
				CURRENT_PROJECT_VERSION = 1;
				DEVELOPMENT_TEAM = T4MCU3TK87;
				GENERATE_INFOPLIST_FILE = YES;
				INFOPLIST_FILE = PhonePeProject/Info.plist;
				INFOPLIST_KEY_NSLocationWhenInUseUsageDescription = "";
				INFOPLIST_KEY_UIApplicationSupportsIndirectInputEvents = YES;
				INFOPLIST_KEY_UILaunchStoryboardName = LaunchScreen;
				INFOPLIST_KEY_UIMainStoryboardFile = Main;
				INFOPLIST_KEY_UISupportedInterfaceOrientations_iPad = "UIInterfaceOrientationPortrait UIInterfaceOrientationPortraitUpsideDown UIInterfaceOrientationLandscapeLeft UIInterfaceOrientationLandscapeRight";
				INFOPLIST_KEY_UISupportedInterfaceOrientations_iPhone = "UIInterfaceOrientationPortrait UIInterfaceOrientationLandscapeLeft UIInterfaceOrientationLandscapeRight";
				LD_RUNPATH_SEARCH_PATHS = (
					"$(inherited)",
					"@executable_path/Frameworks",
				);
				MARKETING_VERSION = 1.0;
				PRODUCT_BUNDLE_IDENTIFIER = Vyapar.PhonePeProject;
				PRODUCT_NAME = "$(TARGET_NAME)";
				SWIFT_EMIT_LOC_STRINGS = YES;
				SWIFT_VERSION = 5.0;
				TARGETED_DEVICE_FAMILY = "1,2";
			};
			name = Debug;
		};
		B5DE2FE22B12067C00BF8137 /* Release */ = {
			isa = XCBuildConfiguration;
			buildSettings = {
				ASSETCATALOG_COMPILER_APPICON_NAME = AppIcon;
				ASSETCATALOG_COMPILER_GLOBAL_ACCENT_COLOR_NAME = AccentColor;
				CODE_SIGN_STYLE = Automatic;
				CURRENT_PROJECT_VERSION = 1;
				DEVELOPMENT_TEAM = T4MCU3TK87;
				GENERATE_INFOPLIST_FILE = YES;
				INFOPLIST_FILE = PhonePeProject/Info.plist;
				INFOPLIST_KEY_NSLocationWhenInUseUsageDescription = "";
				INFOPLIST_KEY_UIApplicationSupportsIndirectInputEvents = YES;
				INFOPLIST_KEY_UILaunchStoryboardName = LaunchScreen;
				INFOPLIST_KEY_UIMainStoryboardFile = Main;
				INFOPLIST_KEY_UISupportedInterfaceOrientations_iPad = "UIInterfaceOrientationPortrait UIInterfaceOrientationPortraitUpsideDown UIInterfaceOrientationLandscapeLeft UIInterfaceOrientationLandscapeRight";
				INFOPLIST_KEY_UISupportedInterfaceOrientations_iPhone = "UIInterfaceOrientationPortrait UIInterfaceOrientationLandscapeLeft UIInterfaceOrientationLandscapeRight";
				LD_RUNPATH_SEARCH_PATHS = (
					"$(inherited)",
					"@executable_path/Frameworks",
				);
				MARKETING_VERSION = 1.0;
				PRODUCT_BUNDLE_IDENTIFIER = Vyapar.PhonePeProject;
				PRODUCT_NAME = "$(TARGET_NAME)";
				SWIFT_EMIT_LOC_STRINGS = YES;
				SWIFT_VERSION = 5.0;
				TARGETED_DEVICE_FAMILY = "1,2";
			};
			name = Release;
		};
/* End XCBuildConfiguration section */

/* Begin XCConfigurationList section */
		B5DE2FC72B12067A00BF8137 /* Build configuration list for PBXProject "PhonePeProject" */ = {
			isa = XCConfigurationList;
			buildConfigurations = (
				B5DE2FDE2B12067C00BF8137 /* Debug */,
				B5DE2FDF2B12067C00BF8137 /* Release */,
			);
			defaultConfigurationIsVisible = 0;
			defaultConfigurationName = Release;
		};
		B5DE2FE02B12067C00BF8137 /* Build configuration list for PBXNativeTarget "PhonePeProject" */ = {
			isa = XCConfigurationList;
			buildConfigurations = (
				B5DE2FE12B12067C00BF8137 /* Debug */,
				B5DE2FE22B12067C00BF8137 /* Release */,
			);
			defaultConfigurationIsVisible = 0;
			defaultConfigurationName = Release;
		};
/* End XCConfigurationList section */
	};
	rootObject = B5DE2FC42B12067A00BF8137 /* Project object */;
}
